
Microsoft Visual Studio Solution File, Format Version 12.00
Project("{FAE04EC0-301F-11D3-BF4B-00C04F79EFBC}") = "ArtemisNetCoreClient", "src\ArtemisNetCoreClient\ArtemisNetCoreClient.csproj", "{C0D5FE1B-8450-48D1-98A8-971017130607}"
EndProject
Project("{FAE04EC0-301F-11D3-BF4B-00C04F79EFBC}") = "ArtemisNetCoreClient.Tests", "test\ArtemisNetCoreClient.Tests\ArtemisNetCoreClient.Tests.csproj", "{0C9852DE-7477-4B3A-93FD-74EEBA8195CA}"
EndProject
Global
	GlobalSection(SolutionConfigurationPlatforms) = preSolution
		Debug|Any CPU = Debug|Any CPU
		Release|Any CPU = Release|Any CPU
	EndGlobalSection
	GlobalSection(ProjectConfigurationPlatforms) = postSolution
		{C0D5FE1B-8450-48D1-98A8-971017130607}.Debug|Any CPU.ActiveCfg = Debug|Any CPU
		{C0D5FE1B-8450-48D1-98A8-971017130607}.Debug|Any CPU.Build.0 = Debug|Any CPU
		{C0D5FE1B-8450-48D1-98A8-971017130607}.Release|Any CPU.ActiveCfg = Release|Any CPU
		{C0D5FE1B-8450-48D1-98A8-971017130607}.Release|Any CPU.Build.0 = Release|Any CPU
		{0C9852DE-7477-4B3A-93FD-74EEBA8195CA}.Debug|Any CPU.ActiveCfg = Debug|Any CPU
		{0C9852DE-7477-4B3A-93FD-74EEBA8195CA}.Debug|Any CPU.Build.0 = Debug|Any CPU
		{0C9852DE-7477-4B3A-93FD-74EEBA8195CA}.Release|Any CPU.ActiveCfg = Release|Any CPU
		{0C9852DE-7477-4B3A-93FD-74EEBA8195CA}.Release|Any CPU.Build.0 = Release|Any CPU
	EndGlobalSection
EndGlobal
